
Microsoft Visual Studio Solution File, Format Version 12.00
# Visual Studio Version 17
VisualStudioVersion = 17.7.34031.279
MinimumVisualStudioVersion = 10.0.40219.1
Project("{FAE04EC0-301F-11D3-BF4B-00C04F79EFBC}") = "CI-CD", "CI-CD\CI-CD.csproj", "{1C9753F8-CB1E-4F71-BD56-FC1C96E66F54}"
EndProject
Global
	GlobalSection(SolutionConfigurationPlatforms) = preSolution
		Debug|Any CPU = Debug|Any CPU
		Release|Any CPU = Release|Any CPU
	EndGlobalSection
	GlobalSection(ProjectConfigurationPlatforms) = postSolution
		{1C9753F8-CB1E-4F71-BD56-FC1C96E66F54}.Debug|Any CPU.ActiveCfg = Debug|Any CPU
		{1C9753F8-CB1E-4F71-BD56-FC1C96E66F54}.Debug|Any CPU.Build.0 = Debug|Any CPU
		{1C9753F8-CB1E-4F71-BD56-FC1C96E66F54}.Release|Any CPU.ActiveCfg = Release|Any CPU
		{1C9753F8-CB1E-4F71-BD56-FC1C96E66F54}.Release|Any CPU.Build.0 = Release|Any CPU
	EndGlobalSection
	GlobalSection(SolutionProperties) = preSolution
		HideSolutionNode = FALSE
	EndGlobalSection
	GlobalSection(ExtensibilityGlobals) = postSolution
		SolutionGuid = {7C09A8A5-A0CB-4899-835D-EC1918F44B10}
	EndGlobalSection
EndGlobal
